{
  "name": "@lobehub/market-cli",
  "version": "0.0.28",
  "lockfileVersion": 3,
  "requires": true,
  "packages": {
    "": {
      "name": "@lobehub/market-cli",
      "version": "0.0.28",
      "license": "MIT",
      "dependencies": {
        "@lobehub/market-sdk": "^0.31.8",
        "adm-zip": "^0.6.1",
        "commander": "^13.1.0"
      },
      "bin": {
        "lhm": "dist/cli.js"
      },
      "engines": {
        "node": ">=22.0.0"
      }
    },
    "node_modules/@lobehub/market-sdk": {
      "version": "0.31.11",
      "resolved": "https://registry.npmjs.org/@lobehub/market-sdk/-/market-sdk-0.31.11.tgz",
      "integrity": "sha512-lewTUqbXBXH0SaeeFHNgasIqmeooeNnnch2wqc58bqfoFaFyrdsipDQTK1ry0Ne7dj+xXY6hHI5e4eU9fm9zmA==",
      "license": "MIT",
      "dependencies": {
        "@lobehub/market-types": "^1.13.9",
        "debug": "^4.4.3",
        "jose": "^6.1.3",
        "url-join": "^5.0.0"
      },
      "peerDependencies": {
        "zod": "^3.24.4"
      }
    },
    "node_modules/@lobehub/market-types": {
      "version": "1.17.1",
      "resolved": "https://registry.npmjs.org/@lobehub/market-types/-/market-types-1.17.1.tgz",
      "integrity": "sha512-jwY3nXyJaP4V3kBYQpnPMYgWC4LWW03g1BP+s43p4d7SMWJ/wlDwfENoIyDP5p9NFZPIPV4ajaWpidcW7iENOg==",
      "license": "MIT",
      "dependencies": {
        "zod": "^3.22.4"
      }
    },
    "node_modules/adm-zip": {
      "version": "0.6.1",
      "resolved": "https://registry.npmjs.org/adm-zip/-/adm-zip-0.6.1.tgz",
      "integrity": "sha512-Xwrja8nx9e5o2N1my4DsKCeKpdrnACyr1wtbPxBDgGzKzKyE9kRtBFA8mWldI+RVlD7CBZNWY/wQ2+ydwOR6kQ==",
      "license": "MIT",
      "engines": {
        "node": ">=14.0"
      }
    },
    "node_modules/commander": {
      "version": "13.1.0",
      "resolved": "https://registry.npmjs.org/commander/-/commander-13.1.0.tgz",
      "integrity": "sha512-/rFeCpNJQbhSZjGVwO9RFV3xPqbnERS8MmIQzCtD/zl6gpJuV/bMLuN92oG3F7d8oDEHHRrujSXNUr8fpjntKw==",
      "license": "MIT",
      "engines": {
        "node": ">=18"
      }
    },
    "node_modules/debug": {
      "version": "4.4.3",
      "resolved": "https://registry.npmjs.org/debug/-/debug-4.4.3.tgz",
      "integrity": "sha512-RGwwWnwQvkVfavKVt22FGLw+xYSdzARwm0ru6DhTVA3umU5hZc28V3kO4stgYryrTlLpuvgI9GiijltAjNbcqA==",
      "license": "MIT",
      "dependencies": {
        "ms": "^2.1.3"
      },
      "engines": {
        "node": ">=6.0"
      },
      "peerDependenciesMeta": {
        "supports-color": {
          "optional": true
        }
      }
    },
    "node_modules/jose": {
      "version": "6.2.12",
      "resolved": "https://registry.npmjs.org/jose/-/jose-6.2.12.tgz",
      "integrity": "sha512-9NiFmJEex0sy2Dk58j2UGBSHgUs2ypF9eZSu4L6vjOX3Dp96Sw1F3uL+H+D1sx02jZZdzUT0HgvCy59CuvXcWw==",
      "license": "MIT",
      "funding": {
        "url": "https://github.com/sponsors/panva"
      }
    },
    "node_modules/ms": {
      "version": "2.1.3",
      "resolved": "https://registry.npmjs.org/ms/-/ms-2.1.3.tgz",
      "integrity": "sha512-6FlzubTLZG3J2a/NVCAleEhjzq5oxgHyaCU9yYXvcLsvoVaHJq/s5xXI6/XXP6tz7R9xAOtHnSO/tXtF3WRTlA==",
      "license": "MIT"
    },
    "node_modules/url-join": {
      "version": "5.0.0",
      "resolved": "https://registry.npmjs.org/url-join/-/url-join-5.0.0.tgz",
      "integrity": "sha512-n2huDr9h9yzd6exQVnH/jU5mr+Pfx08LRXXZhkLLetAMESRj+anQsTAh940iMrIetKAmry9coFuZQ2jY8/p3WA==",
      "license": "MIT",
      "engines": {
        "node": "^12.20.0 || ^14.13.1 || >=16.0.0"
      }
    },
    "node_modules/zod": {
      "version": "3.25.76",
      "resolved": "https://registry.npmjs.org/zod/-/zod-3.25.76.tgz",
      "integrity": "sha512-gzUt/qt81nXsFGKIFcC3YnfEAx5NkunCfnDlvuBSSFS02bcXu4Lmea0AFIUwbLWxWPx3d9p8S5QoaujKcNQxcQ==",
      "license": "MIT",
      "funding": {
        "url": "https://github.com/sponsors/colinhacks"
      }
    }
  }
}
