# This file is automatically @generated by Cargo.
# It is not intended for manual editing.
version = 4

[[package]]
name = "bitflags"
version = "2.13.0"
source = "registry+https://github.com/rust-lang/crates.io-index"
checksum = "b4388bee8683e3d04af747c73422af53102d2bd24d9eadb6cbc100baef4b43f8"

[[package]]
name = "bytemuck"
version = "1.25.0"
source = "registry+https://github.com/rust-lang/crates.io-index"
checksum = "c8efb64bd706a16a1bdde310ae86b351e4d21550d98d056f22f8a7f7a2183fec"
dependencies = [
 "bytemuck_derive",
]

[[package]]
name = "bytemuck_derive"
version = "1.10.2"
source = "registry+https://github.com/rust-lang/crates.io-index"
checksum = "f9abbd1bc6865053c427f7198e6af43bfdedc55ab791faed4fbd361d789575ff"
dependencies = [
 "proc-macro2",
 "quote",
 "syn",
]

[[package]]
name = "font-types"
version = "0.11.3"
source = "registry+https://github.com/rust-lang/crates.io-index"
checksum = "5b38ad915f6dadd993ced50848a8291a543bd41ca62bc10740d5e64e2ab4cfd7"
dependencies = [
 "bytemuck",
]

[[package]]
name = "font-types"
version = "0.12.0"
source = "registry+https://github.com/rust-lang/crates.io-index"
checksum = "81bf886368962a7d8456f136073ed33ed1b0770c690d2063731bb6a776e99f33"
dependencies = [
 "bytemuck",
]

[[package]]
name = "harfbuzz_rust"
version = "0.0.0"
dependencies = [
 "harfrust",
 "read-fonts 0.39.2",
 "skrifa",
 "smallvec",
]

[[package]]
name = "harfrust"
version = "0.10.0"
source = "registry+https://github.com/rust-lang/crates.io-index"
checksum = "f0589ddd0d2935dd2845827ac606b4081c266225d613b268ed2910f832889cab"
dependencies = [
 "bitflags",
 "bytemuck",
 "read-fonts 0.40.2",
 "smallvec",
]

[[package]]
name = "once_cell"
version = "1.21.4"
source = "registry+https://github.com/rust-lang/crates.io-index"
checksum = "9f7c3e4beb33f85d45ae3e3a1792185706c8e16d043238c593331cc7cd313b50"

[[package]]
name = "proc-macro2"
version = "1.0.106"
source = "registry+https://github.com/rust-lang/crates.io-index"
checksum = "8fd00f0bb2e90d81d1044c2b32617f68fcb9fa3bb7640c23e9c748e53fb30934"
dependencies = [
 "unicode-ident",
]

[[package]]
name = "quote"
version = "1.0.46"
source = "registry+https://github.com/rust-lang/crates.io-index"
checksum = "dfbc457d0c7a0759a614551b11a6409e5951f6c7537be1f1b7682b9ae9230368"
dependencies = [
 "proc-macro2",
]

[[package]]
name = "read-fonts"
version = "0.39.2"
source = "registry+https://github.com/rust-lang/crates.io-index"
checksum = "c4ed38b89c2c77ff968c524145ad65fb010f38af5c7a224b53b81d47ac2daa81"
dependencies = [
 "bytemuck",
 "font-types 0.11.3",
]

[[package]]
name = "read-fonts"
version = "0.40.2"
source = "registry+https://github.com/rust-lang/crates.io-index"
checksum = "487889119a5f19ff7c0a20637196bdc76b9f54ebec17e3588b5d75e4999f8773"
dependencies = [
 "bytemuck",
 "font-types 0.12.0",
 "once_cell",
]

[[package]]
name = "skrifa"
version = "0.43.2"
source = "registry+https://github.com/rust-lang/crates.io-index"
checksum = "4cbe997d0f2480442d727488fbe2150779114cbe480ecdbadef58b33e0318ffb"
dependencies = [
 "bytemuck",
 "read-fonts 0.40.2",
]

[[package]]
name = "smallvec"
version = "1.15.2"
source = "registry+https://github.com/rust-lang/crates.io-index"
checksum = "8ed6a63f02c8539c91a8685a86f4099661ba3da017932f6ebbea6de3f0fa7c90"

[[package]]
name = "syn"
version = "2.0.118"
source = "registry+https://github.com/rust-lang/crates.io-index"
checksum = "1b9ae57f904213ebb649ce6895b8a66c66f0203b9319718f69a5612a065b1422"
dependencies = [
 "proc-macro2",
 "quote",
 "unicode-ident",
]

[[package]]
name = "unicode-ident"
version = "1.0.24"
source = "registry+https://github.com/rust-lang/crates.io-index"
checksum = "e6e4313cd5fcd3dad5cafa179702e2b244f760991f45397d14d4ebf38247da75"
