# This file is automatically @generated by Cargo.
# It is not intended for manual editing.
version = 4

[[package]]
name = "bitflags"
version = "2.13.1"
source = "registry+https://github.com/rust-lang/crates.io-index"
checksum = "b588b76d00fde79687d7646a9b5bdf3cc0f655e0bbd080335a95d7e96f3587da"

[[package]]
name = "bytemuck"
version = "1.25.2"
source = "registry+https://github.com/rust-lang/crates.io-index"
checksum = "95832e849adfb21180ccb6826a99da14e5d266ae5c2e668e1602cf234f153797"
dependencies = [
 "bytemuck_derive",
]

[[package]]
name = "bytemuck_derive"
version = "1.12.0"
source = "registry+https://github.com/rust-lang/crates.io-index"
checksum = "fc0e56a716f1e132ff6bf4bdac1c944a3fcdc1cae65f70a4a2a1ac3b401d2d1f"
dependencies = [
 "proc-macro2",
 "quote",
 "syn",
]

[[package]]
name = "font-types"
version = "0.12.3"
source = "registry+https://github.com/rust-lang/crates.io-index"
checksum = "75382bc7392ef10aad10935f92fc3db36d2d4dad0e5d96d8d65e04f89a07ec39"
dependencies = [
 "bytemuck",
]

[[package]]
name = "harfbuzz_rust"
version = "0.0.0"
dependencies = [
 "harfrust",
 "read-fonts",
 "skrifa",
 "smallvec",
]

[[package]]
name = "harfrust"
version = "0.13.0"
source = "registry+https://github.com/rust-lang/crates.io-index"
checksum = "1ddc6e68be24399b1a9d489f71fd43f6954558294882234c90a322b857e10c63"
dependencies = [
 "bitflags",
 "bytemuck",
 "read-fonts",
 "smallvec",
]

[[package]]
name = "once_cell"
version = "1.21.4"
source = "registry+https://github.com/rust-lang/crates.io-index"
checksum = "9f7c3e4beb33f85d45ae3e3a1792185706c8e16d043238c593331cc7cd313b50"

[[package]]
name = "proc-macro2"
version = "1.0.107"
source = "registry+https://github.com/rust-lang/crates.io-index"
checksum = "985e7ec9bb745e6ce6535b544d84d6cd6f7ad8bd711c398938ae983b91a766d9"
dependencies = [
 "unicode-ident",
]

[[package]]
name = "quote"
version = "1.0.47"
source = "registry+https://github.com/rust-lang/crates.io-index"
checksum = "1fbf4db142a473a8d80c26bbf18454ed458bf8d26c8219c331daecfdbd079001"
dependencies = [
 "proc-macro2",
]

[[package]]
name = "read-fonts"
version = "0.43.0"
source = "registry+https://github.com/rust-lang/crates.io-index"
checksum = "a6b5cae85882cfb0167038e7726a426f47ebd808e67af78c2d6bcbb02acbf3ce"
dependencies = [
 "bytemuck",
 "font-types",
 "once_cell",
]

[[package]]
name = "skrifa"
version = "0.46.0"
source = "registry+https://github.com/rust-lang/crates.io-index"
checksum = "de0bbcc507e438bfe765692ae5228059959781db7430fe36e1cfd569e7c88c89"
dependencies = [
 "bytemuck",
 "read-fonts",
]

[[package]]
name = "smallvec"
version = "1.15.2"
source = "registry+https://github.com/rust-lang/crates.io-index"
checksum = "8ed6a63f02c8539c91a8685a86f4099661ba3da017932f6ebbea6de3f0fa7c90"

[[package]]
name = "syn"
version = "3.0.3"
source = "registry+https://github.com/rust-lang/crates.io-index"
checksum = "53e9bae58849f64dfa4f5d5ae372c8341f7305f82a3868709269343628b659a3"
dependencies = [
 "proc-macro2",
 "quote",
 "unicode-ident",
]

[[package]]
name = "unicode-ident"
version = "1.0.24"
source = "registry+https://github.com/rust-lang/crates.io-index"
checksum = "e6e4313cd5fcd3dad5cafa179702e2b244f760991f45397d14d4ebf38247da75"
